# This file is autogenerated, do not edit; changes may be undone by the next 'dep ensure'.


[[projects]]
  digest = "1:35ac403a135b8a138870950720be1f0399e0a48387d4b5cca841b0ed8cf7a40b"
  name = "github.com/buger/jsonparser"
  packages = ["."]
  pruneopts = "UT"
  revision = "2cac668e8456b4284edb0715e17e2af02d3ec993"

[[projects]]
  digest = "1:ffe9824d294da03b391f44e1ae8281281b4afc1bdaa9588c9097785e3af10cec"
  name = "github.com/davecgh/go-spew"
  packages = ["spew"]
  pruneopts = "UT"
  revision = "8991bc29aa16c548c550c7ff78260e27b9ab7c73"
  version = "v1.1.1"

[[projects]]
  digest = "1:c4a2528ccbcabf90f9f3c464a5fc9e302d592861bbfd0b7135a7de8a943d0406"
  name = "github.com/go-stack/stack"
  packages = ["."]
  pruneopts = "UT"
  revision = "259ab82a6cad3992b4e21ff5cac294ccb06474bc"
  version = "v1.7.0"

[[projects]]
  digest = "1:bfc758d5a03d57d97226fac6934551c01bd76612adb119c177395b057a0a46db"
  name = "github.com/gogo/protobuf"
  packages = [
    "gogoproto",
    "proto",
    "protoc-gen-gogo/descriptor",
  ]
  pruneopts = "UT"
  revision = "636bf0302bc95575d69441b25a2603156ffdddf1"
  version = "v1.1.1"

[[projects]]
  branch = "master"
  digest = "1:7c73a0350d8d25241412d07736bda9d2b6dc02c65218204c062df83f3f624132"
  name = "github.com/golang/protobuf"
  packages = [
    "jsonpb",
    "proto",
    "protoc-gen-go/descriptor",
    "ptypes",
    "ptypes/any",
    "ptypes/duration",
    "ptypes/struct",
    "ptypes/timestamp",
  ]
  pruneopts = "UT"
  revision = "7716a980bceefe9a0213654823d9ea62d23b87a2"

[[projects]]
  branch = "master"
  digest = "1:4a0c6bb4805508a6287675fac876be2ac1182539ca8a32468d8128882e9d5009"
  name = "github.com/golang/snappy"
  packages = ["."]
  pruneopts = "UT"
  revision = "2e65f85255dbc3072edf28d6b5b8efc472979f5a"

[[projects]]
  digest = "1:fd3e59e9cc37e30d45a326b0c0662d64b215da64eec353f317e24d6f900f365b"
  name = "github.com/grpc-ecosystem/go-grpc-middleware"
  packages = [
    ".",
    "logging",
    "logging/logrus",
    "logging/logrus/ctxlogrus",
    "recovery",
    "tags",
    "tags/logrus",
  ]
  pruneopts = "UT"
  revision = "c250d6563d4d4c20252cd865923440e829844f4e"
  version = "v1.0.0"

[[projects]]
  branch = "master"
  digest = "1:f44d34fda864bed6d6c71514cd40b2ee097e6e67f745d5d014113e1faa5af8b7"
  name = "github.com/konsorten/go-windows-terminal-sequences"
  packages = ["."]
  pruneopts = "UT"
  revision = "b729f2633dfe35f4d1d8a32385f6685610ce1cb5"

[[projects]]
  digest = "1:1ab6096b67ff8055497c7ffcfc4cc395abd7eecaba582dd7475db89621373d1f"
  name = "github.com/mongodb/mongo-go-driver"
  packages = [
    "bson",
    "bson/builder",
    "bson/decimal",
    "bson/elements",
    "bson/internal/llbson",
    "bson/objectid",
    "bson/parser",
    "bson/parser/ast",
    "core/address",
    "core/auth",
    "core/auth/internal/gssapi",
    "core/command",
    "core/compressor",
    "core/connection",
    "core/connstring",
    "core/description",
    "core/dispatch",
    "core/event",
    "core/option",
    "core/readconcern",
    "core/readpref",
    "core/result",
    "core/session",
    "core/tag",
    "core/topology",
    "core/uuid",
    "core/version",
    "core/wiremessage",
    "core/writeconcern",
    "internal",
    "mongo/aggregateopt",
    "mongo/changestreamopt",
    "mongo/clientopt",
    "mongo/collectionopt",
    "mongo/countopt",
    "mongo/dbopt",
    "mongo/deleteopt",
    "mongo/distinctopt",
    "mongo/dropcollopt",
    "mongo/findopt",
    "mongo/indexopt",
    "mongo/insertopt",
    "mongo/listcollectionopt",
    "mongo/listdbopt",
    "mongo/mongoopt",
    "mongo/replaceopt",
    "mongo/runcmdopt",
    "mongo/sessionopt",
    "mongo/transactionopt",
    "mongo/updateopt",
  ]
  pruneopts = "UT"
  revision = "e9228a40a480a5403b7256fb755ab000ff754c35"
  version = "v0.0.14"

[[projects]]
  digest = "1:4ce94f3d2074662c04677db471456feb56078244ebcfe3789e6e95901c085bc5"
  name = "github.com/nats-io/go-nats"
  packages = [
    ".",
    "encoders/builtin",
    "util",
  ]
  pruneopts = "UT"
  revision = "fb0396ee0bdb8018b0fef30d6d1de798ce99cd05"
  version = "v1.6.0"

[[projects]]
  digest = "1:4601a92f47cf05e20c12fbe926076d7d0900f08c0025ad13a4ea165fd6944273"
  name = "github.com/nats-io/go-nats-streaming"
  packages = ["pb"]
  pruneopts = "UT"
  revision = "e15a53f85e4932540600a16b56f6c4f65f58176f"
  version = "v0.4.0"

[[projects]]
  digest = "1:c3cd663f2f30b92536b9f290ac85c6310dae36a14cb8961553ae9ccf0d85ae41"
  name = "github.com/nats-io/nuid"
  packages = ["."]
  pruneopts = "UT"
  revision = "289cccf02c178dc782430d534e3c1f5b72af807f"
  version = "v1.0.0"

[[projects]]
  digest = "1:0028cb19b2e4c3112225cd871870f2d9cf49b9b4276531f03438a88e94be86fe"
  name = "github.com/pmezard/go-difflib"
  packages = ["difflib"]
  pruneopts = "UT"
  revision = "792786c7400a136282c1664665ae0a8db921c6c2"
  version = "v1.0.0"

[[projects]]
  digest = "1:dc2d85c13ac22c22a1f3170a41a8e1b897fa05134aaf533f16df44f66a25b4a1"
  name = "github.com/sirupsen/logrus"
  packages = ["."]
  pruneopts = "UT"
  revision = "a67f783a3814b8729bd2dac5780b5f78f8dbd64d"
  version = "v1.1.0"

[[projects]]
  digest = "1:18752d0b95816a1b777505a97f71c7467a8445b8ffb55631a7bf779f6ba4fa83"
  name = "github.com/stretchr/testify"
  packages = ["assert"]
  pruneopts = "UT"
  revision = "f35b8ab0b5a2cef36673838d662e249dd9c94686"
  version = "v1.2.2"

[[projects]]
  branch = "master"
  digest = "1:40fdfd6ab85ca32b6935853bbba35935dcb1d796c8135efd85947566c76e662e"
  name = "github.com/xdg/scram"
  packages = ["."]
  pruneopts = "UT"
  revision = "7eeb5667e42c09cb51bf7b7c28aea8c56767da90"

[[projects]]
  branch = "master"
  digest = "1:f5c1d04bc09c644c592b45b9f0bad4030521b1a7d11c7dadbb272d9439fa6e8e"
  name = "github.com/xdg/stringprep"
  packages = ["."]
  pruneopts = "UT"
  revision = "73f8eece6fdcd902c185bf651de50f3828bed5ed"

[[projects]]
  branch = "master"
  digest = "1:cb77e5934866333fa0784326a57e64c4da128001c94fbd1d29819d79bd3b1087"
  name = "golang.org/x/crypto"
  packages = [
    "pbkdf2",
    "ssh/terminal",
  ]
  pruneopts = "UT"
  revision = "0e37d006457bf46f9e6692014ba72ef82c33022c"

[[projects]]
  branch = "master"
  digest = "1:505dbee0833715a72a529bb57c354826ad42a4496fad787fa143699b4de1a6d0"
  name = "golang.org/x/net"
  packages = [
    "context",
    "http/httpguts",
    "http2",
    "http2/hpack",
    "idna",
    "internal/timeseries",
    "trace",
  ]
  pruneopts = "UT"
  revision = "4dfa2610cdf3b287375bbba5b8f2a14d3b01d8de"

[[projects]]
  branch = "master"
  digest = "1:e0140c0c868c6e0f01c0380865194592c011fe521d6e12d78bfd33e756fe018a"
  name = "golang.org/x/sync"
  packages = ["semaphore"]
  pruneopts = "UT"
  revision = "1d60e4601c6fd243af51cc01ddf169918a5407ca"

[[projects]]
  branch = "master"
  digest = "1:2c607ffa8a0a34a9acba4aba7b33d981b5a2150bfcec41b1f2ef1d791bcf6c14"
  name = "golang.org/x/sys"
  packages = [
    "unix",
    "windows",
  ]
  pruneopts = "UT"
  revision = "dad3d9fb7b6e83d0f9ac8f54670f6334c3a287b4"

[[projects]]
  digest = "1:a2ab62866c75542dd18d2b069fec854577a20211d7c0ea6ae746072a1dccdd18"
  name = "golang.org/x/text"
  packages = [
    "collate",
    "collate/build",
    "internal/colltab",
    "internal/gen",
    "internal/tag",
    "internal/triegen",
    "internal/ucd",
    "language",
    "secure/bidirule",
    "transform",
    "unicode/bidi",
    "unicode/cldr",
    "unicode/norm",
    "unicode/rangetable",
  ]
  pruneopts = "UT"
  revision = "f21a4dfb5e38f5895301dc265a8def02365cc3d0"
  version = "v0.3.0"

[[projects]]
  branch = "master"
  digest = "1:56b0bca90b7e5d1facf5fbdacba23e4e0ce069d25381b8e2f70ef1e7ebfb9c1a"
  name = "google.golang.org/genproto"
  packages = ["googleapis/rpc/status"]
  pruneopts = "UT"
  revision = "0e822944c569bf5c9afd034adaa56208bd2906ac"

[[projects]]
  digest = "1:dc0c170b110c22d9a4eccf08ab58490608053eac450bf456f3aaf9b30a668781"
  name = "google.golang.org/grpc"
  packages = [
    ".",
    "balancer",
    "balancer/base",
    "balancer/roundrobin",
    "codes",
    "connectivity",
    "credentials",
    "encoding",
    "encoding/proto",
    "grpclog",
    "internal",
    "internal/backoff",
    "internal/channelz",
    "internal/envconfig",
    "internal/grpcrand",
    "internal/transport",
    "keepalive",
    "metadata",
    "naming",
    "peer",
    "reflection",
    "reflection/grpc_reflection_v1alpha",
    "resolver",
    "resolver/dns",
    "resolver/passthrough",
    "stats",
    "status",
    "tap",
  ]
  pruneopts = "UT"
  revision = "8dea3dc473e90c8179e519d91302d0597c0ca1d1"
  version = "v1.15.0"

[solve-meta]
  analyzer-name = "dep"
  analyzer-version = 1
  input-imports = [
    "github.com/buger/jsonparser",
    "github.com/davecgh/go-spew/spew",
    "github.com/go-stack/stack",
    "github.com/gogo/protobuf/gogoproto",
    "github.com/gogo/protobuf/proto",
    "github.com/golang/protobuf/jsonpb",
    "github.com/golang/protobuf/proto",
    "github.com/golang/protobuf/ptypes",
    "github.com/golang/protobuf/ptypes/any",
    "github.com/golang/protobuf/ptypes/duration",
    "github.com/golang/protobuf/ptypes/struct",
    "github.com/golang/protobuf/ptypes/timestamp",
    "github.com/golang/snappy",
    "github.com/grpc-ecosystem/go-grpc-middleware",
    "github.com/grpc-ecosystem/go-grpc-middleware/logging",
    "github.com/grpc-ecosystem/go-grpc-middleware/logging/logrus",
    "github.com/grpc-ecosystem/go-grpc-middleware/logging/logrus/ctxlogrus",
    "github.com/grpc-ecosystem/go-grpc-middleware/recovery",
    "github.com/grpc-ecosystem/go-grpc-middleware/tags",
    "github.com/grpc-ecosystem/go-grpc-middleware/tags/logrus",
    "github.com/mongodb/mongo-go-driver/bson",
    "github.com/mongodb/mongo-go-driver/bson/builder",
    "github.com/mongodb/mongo-go-driver/bson/decimal",
    "github.com/mongodb/mongo-go-driver/bson/elements",
    "github.com/mongodb/mongo-go-driver/bson/objectid",
    "github.com/mongodb/mongo-go-driver/bson/parser",
    "github.com/mongodb/mongo-go-driver/bson/parser/ast",
    "github.com/mongodb/mongo-go-driver/core/address",
    "github.com/mongodb/mongo-go-driver/core/auth",
    "github.com/mongodb/mongo-go-driver/core/auth/internal/gssapi",
    "github.com/mongodb/mongo-go-driver/core/command",
    "github.com/mongodb/mongo-go-driver/core/compressor",
    "github.com/mongodb/mongo-go-driver/core/connection",
    "github.com/mongodb/mongo-go-driver/core/connstring",
    "github.com/mongodb/mongo-go-driver/core/description",
    "github.com/mongodb/mongo-go-driver/core/dispatch",
    "github.com/mongodb/mongo-go-driver/core/event",
    "github.com/mongodb/mongo-go-driver/core/option",
    "github.com/mongodb/mongo-go-driver/core/readconcern",
    "github.com/mongodb/mongo-go-driver/core/readpref",
    "github.com/mongodb/mongo-go-driver/core/result",
    "github.com/mongodb/mongo-go-driver/core/session",
    "github.com/mongodb/mongo-go-driver/core/tag",
    "github.com/mongodb/mongo-go-driver/core/topology",
    "github.com/mongodb/mongo-go-driver/core/uuid",
    "github.com/mongodb/mongo-go-driver/core/version",
    "github.com/mongodb/mongo-go-driver/core/wiremessage",
    "github.com/mongodb/mongo-go-driver/core/writeconcern",
    "github.com/mongodb/mongo-go-driver/internal",
    "github.com/mongodb/mongo-go-driver/mongo/aggregateopt",
    "github.com/mongodb/mongo-go-driver/mongo/changestreamopt",
    "github.com/mongodb/mongo-go-driver/mongo/clientopt",
    "github.com/mongodb/mongo-go-driver/mongo/collectionopt",
    "github.com/mongodb/mongo-go-driver/mongo/countopt",
    "github.com/mongodb/mongo-go-driver/mongo/dbopt",
    "github.com/mongodb/mongo-go-driver/mongo/deleteopt",
    "github.com/mongodb/mongo-go-driver/mongo/distinctopt",
    "github.com/mongodb/mongo-go-driver/mongo/dropcollopt",
    "github.com/mongodb/mongo-go-driver/mongo/findopt",
    "github.com/mongodb/mongo-go-driver/mongo/indexopt",
    "github.com/mongodb/mongo-go-driver/mongo/insertopt",
    "github.com/mongodb/mongo-go-driver/mongo/listcollectionopt",
    "github.com/mongodb/mongo-go-driver/mongo/listdbopt",
    "github.com/mongodb/mongo-go-driver/mongo/mongoopt",
    "github.com/mongodb/mongo-go-driver/mongo/replaceopt",
    "github.com/mongodb/mongo-go-driver/mongo/runcmdopt",
    "github.com/mongodb/mongo-go-driver/mongo/sessionopt",
    "github.com/mongodb/mongo-go-driver/mongo/transactionopt",
    "github.com/mongodb/mongo-go-driver/mongo/updateopt",
    "github.com/nats-io/go-nats",
    "github.com/nats-io/go-nats-streaming/pb",
    "github.com/nats-io/go-nats/encoders/builtin",
    "github.com/nats-io/go-nats/util",
    "github.com/nats-io/nuid",
    "github.com/pmezard/go-difflib/difflib",
    "github.com/sirupsen/logrus",
    "github.com/stretchr/testify/assert",
    "github.com/xdg/scram",
    "github.com/xdg/stringprep",
    "golang.org/x/crypto/pbkdf2",
    "golang.org/x/crypto/ssh/terminal",
    "golang.org/x/net/context",
    "golang.org/x/net/http2",
    "golang.org/x/net/http2/hpack",
    "golang.org/x/net/idna",
    "golang.org/x/sync/semaphore",
    "golang.org/x/sys/unix",
    "golang.org/x/text/collate",
    "golang.org/x/text/internal/gen",
    "golang.org/x/text/internal/ucd",
    "golang.org/x/text/language",
    "golang.org/x/text/transform",
    "golang.org/x/text/unicode/bidi",
    "golang.org/x/text/unicode/norm",
    "golang.org/x/text/unicode/rangetable",
    "google.golang.org/genproto/googleapis/rpc/status",
    "google.golang.org/grpc",
    "google.golang.org/grpc/balancer",
    "google.golang.org/grpc/balancer/base",
    "google.golang.org/grpc/codes",
    "google.golang.org/grpc/connectivity",
    "google.golang.org/grpc/credentials",
    "google.golang.org/grpc/encoding",
    "google.golang.org/grpc/grpclog",
    "google.golang.org/grpc/internal/channelz",
    "google.golang.org/grpc/internal/grpcrand",
    "google.golang.org/grpc/keepalive",
    "google.golang.org/grpc/metadata",
    "google.golang.org/grpc/peer",
    "google.golang.org/grpc/reflection",
    "google.golang.org/grpc/resolver",
    "google.golang.org/grpc/stats",
    "google.golang.org/grpc/status",
    "google.golang.org/grpc/tap",
  ]
  solver-name = "gps-cdcl"
  solver-version = 1
